
Microsoft Visual Studio Solution File, Format Version 12.00
# Visual Studio Version 16
VisualStudioVersion = 16.0.29319.158
MinimumVisualStudioVersion = 10.0.40219.1
Project("{9A19103F-16F7-4668-BE54-9A1E7A4F7556}") = "Models", "Models\Models.csproj", "{DD49E708-D1A9-4E7B-8F9A-10328B35BD85}"
EndProject
Project("{9A19103F-16F7-4668-BE54-9A1E7A4F7556}") = "Repository", "Repository\Repository.csproj", "{9B52EB22-CDCA-48E1-A24D-B0EAC4DEDEEC}"
EndProject
Project("{9A19103F-16F7-4668-BE54-9A1E7A4F7556}") = "Foosball", "Foosball\Foosball.csproj", "{B21F9E09-B6E3-4070-9265-87719ABC440D}"
EndProject
Global
	GlobalSection(SolutionConfigurationPlatforms) = preSolution
		Debug|Any CPU = Debug|Any CPU
		Release|Any CPU = Release|Any CPU
	EndGlobalSection
	GlobalSection(ProjectConfigurationPlatforms) = postSolution
		{DD49E708-D1A9-4E7B-8F9A-10328B35BD85}.Debug|Any CPU.ActiveCfg = Debug|Any CPU
		{DD49E708-D1A9-4E7B-8F9A-10328B35BD85}.Debug|Any CPU.Build.0 = Debug|Any CPU
		{DD49E708-D1A9-4E7B-8F9A-10328B35BD85}.Release|Any CPU.ActiveCfg = Release|Any CPU
		{DD49E708-D1A9-4E7B-8F9A-10328B35BD85}.Release|Any CPU.Build.0 = Release|Any CPU
		{9B52EB22-CDCA-48E1-A24D-B0EAC4DEDEEC}.Debug|Any CPU.ActiveCfg = Debug|Any CPU
		{9B52EB22-CDCA-48E1-A24D-B0EAC4DEDEEC}.Debug|Any CPU.Build.0 = Debug|Any CPU
		{9B52EB22-CDCA-48E1-A24D-B0EAC4DEDEEC}.Release|Any CPU.ActiveCfg = Release|Any CPU
		{9B52EB22-CDCA-48E1-A24D-B0EAC4DEDEEC}.Release|Any CPU.Build.0 = Release|Any CPU
		{B21F9E09-B6E3-4070-9265-87719ABC440D}.Debug|Any CPU.ActiveCfg = Debug|Any CPU
		{B21F9E09-B6E3-4070-9265-87719ABC440D}.Debug|Any CPU.Build.0 = Debug|Any CPU
		{B21F9E09-B6E3-4070-9265-87719ABC440D}.Release|Any CPU.ActiveCfg = Release|Any CPU
		{B21F9E09-B6E3-4070-9265-87719ABC440D}.Release|Any CPU.Build.0 = Release|Any CPU
	EndGlobalSection
	GlobalSection(SolutionProperties) = preSolution
		HideSolutionNode = FALSE
	EndGlobalSection
	GlobalSection(ExtensibilityGlobals) = postSolution
		SolutionGuid = {3F99363E-220B-44C5-9A1D-0A28A313F107}
	EndGlobalSection
EndGlobal
