
Microsoft Visual Studio Solution File, Format Version 12.00
# Visual Studio 15
VisualStudioVersion = 15.0.27004.2009
MinimumVisualStudioVersion = 10.0.40219.1
Project("{9A19103F-16F7-4668-BE54-9A1E7A4F7556}") = "Microsoft.AspNetCore.Identity.MongoDB", "aspnetcore-identity-mongodb\Microsoft.AspNetCore.Identity.MongoDB\Microsoft.AspNetCore.Identity.MongoDB.csproj", "{66D525EA-EAF8-41DE-858B-AB95185DADE5}"
EndProject
Project("{9A19103F-16F7-4668-BE54-9A1E7A4F7556}") = "FoosballCore", "FoosballService\FoosballCore.csproj", "{9C1CE2C0-0702-4FD2-A5A0-9D87366449DC}"
EndProject
Global
	GlobalSection(SolutionConfigurationPlatforms) = preSolution
		Debug|Any CPU = Debug|Any CPU
		Release|Any CPU = Release|Any CPU
	EndGlobalSection
	GlobalSection(ProjectConfigurationPlatforms) = postSolution
		{66D525EA-EAF8-41DE-858B-AB95185DADE5}.Debug|Any CPU.ActiveCfg = Debug|Any CPU
		{66D525EA-EAF8-41DE-858B-AB95185DADE5}.Debug|Any CPU.Build.0 = Debug|Any CPU
		{66D525EA-EAF8-41DE-858B-AB95185DADE5}.Release|Any CPU.ActiveCfg = Release|Any CPU
		{66D525EA-EAF8-41DE-858B-AB95185DADE5}.Release|Any CPU.Build.0 = Release|Any CPU
		{9C1CE2C0-0702-4FD2-A5A0-9D87366449DC}.Debug|Any CPU.ActiveCfg = Debug|Any CPU
		{9C1CE2C0-0702-4FD2-A5A0-9D87366449DC}.Debug|Any CPU.Build.0 = Debug|Any CPU
		{9C1CE2C0-0702-4FD2-A5A0-9D87366449DC}.Release|Any CPU.ActiveCfg = Release|Any CPU
		{9C1CE2C0-0702-4FD2-A5A0-9D87366449DC}.Release|Any CPU.Build.0 = Release|Any CPU
	EndGlobalSection
	GlobalSection(SolutionProperties) = preSolution
		HideSolutionNode = FALSE
	EndGlobalSection
	GlobalSection(ExtensibilityGlobals) = postSolution
		SolutionGuid = {3F99363E-220B-44C5-9A1D-0A28A313F107}
	EndGlobalSection
EndGlobal
